<?xml version="1.0" encoding="utf-8"?>
<Project ToolsVersion="4.0" xmlns="http://schemas.microsoft.com/developer/msbuild/2003">
  <ItemGroup>
    <Filter Include="win32">
      <UniqueIdentifier>{84a8ebd7-7cf0-47f6-b75e-d441df67da40}</UniqueIdentifier>
    </Filter>
    <Filter Include="resource">
      <UniqueIdentifier>{715254bc-d70b-4ec5-bf29-467dd3ace079}</UniqueIdentifier>
    </Filter>
    <Filter Include="src">
      <UniqueIdentifier>{bb6c862e-70e9-49d9-81b7-3829a6f50471}</UniqueIdentifier>
    </Filter>
    <Filter Include="src\Scenes">
      <UniqueIdentifier>{5255f3f3-6f8b-447f-a6c6-ce2a65155520}</UniqueIdentifier>
    </Filter>
    <Filter Include="src\Tools">
      <UniqueIdentifier>{33ef4b97-5b1d-4ffa-a7df-e25faf5b5856}</UniqueIdentifier>
    </Filter>
    <Filter Include="src\Layers">
      <UniqueIdentifier>{208608c1-54a8-4802-b982-a63c141c6382}</UniqueIdentifier>
    </Filter>
    <Filter Include="src\Objects">
      <UniqueIdentifier>{78808e40-c46b-4f22-943e-4a617251fe2f}</UniqueIdentifier>
    </Filter>
    <Filter Include="src\Datas">
      <UniqueIdentifier>{d6fa800a-145c-4bd4-bc97-b4664a38c974}</UniqueIdentifier>
    </Filter>
    <Filter Include="src\I18N">
      <UniqueIdentifier>{8560fbe7-00bd-4b36-8a72-b6f6261934d4}</UniqueIdentifier>
    </Filter>
    <Filter Include="src\Audios">
      <UniqueIdentifier>{a3d6c63a-5df0-4498-8fdb-f7e196528e2d}</UniqueIdentifier>
    </Filter>
    <Filter Include="src\Particles">
      <UniqueIdentifier>{c3ee1dd8-94f2-4558-a040-cf1e7b699169}</UniqueIdentifier>
    </Filter>
    <Filter Include="src\Layers\Home">
      <UniqueIdentifier>{df2a3b10-36c6-4c7b-9fa4-919babbb1385}</UniqueIdentifier>
    </Filter>
    <Filter Include="src\Layers\Team">
      <UniqueIdentifier>{6c798aa9-320a-41de-8d8a-adb149fe38f7}</UniqueIdentifier>
    </Filter>
    <Filter Include="src\Layers\Hero">
      <UniqueIdentifier>{20bd325b-d9c4-4d6d-8baf-c238388b7cbc}</UniqueIdentifier>
    </Filter>
  </ItemGroup>
  <ItemGroup>
    <ClCompile Include="main.cpp">
      <Filter>win32</Filter>
    </ClCompile>
    <ClCompile Include="..\Classes\AppDelegate.cpp">
      <Filter>src</Filter>
    </ClCompile>
    <ClCompile Include="..\Classes\HelloWorldScene.cpp">
      <Filter>src</Filter>
    </ClCompile>
    <ClCompile Include="..\Classes\FirstScene.cpp">
      <Filter>src\Scenes</Filter>
    </ClCompile>
    <ClCompile Include="..\Classes\Equipment.cpp">
      <Filter>src\Objects</Filter>
    </ClCompile>
    <ClCompile Include="..\Classes\Tools.cpp">
      <Filter>src\Tools</Filter>
    </ClCompile>
    <ClCompile Include="..\Classes\Config.cpp">
      <Filter>src\Datas</Filter>
    </ClCompile>
    <ClCompile Include="..\Classes\GameData.cpp">
      <Filter>src\Datas</Filter>
    </ClCompile>
    <ClCompile Include="..\Classes\HeroCard.cpp">
      <Filter>src\Objects</Filter>
    </ClCompile>
    <ClCompile Include="..\Classes\McLog.cpp">
      <Filter>src\Tools</Filter>
    </ClCompile>
    <ClCompile Include="..\Classes\DialogManager.cpp">
      <Filter>src\Tools</Filter>
    </ClCompile>
    <ClCompile Include="..\Classes\I18N.cpp">
      <Filter>src\I18N</Filter>
    </ClCompile>
    <ClCompile Include="..\Classes\AudioManager.cpp">
      <Filter>src\Audios</Filter>
    </ClCompile>
    <ClCompile Include="..\Classes\ParticleLayer.cpp">
      <Filter>src\Particles</Filter>
    </ClCompile>
    <ClCompile Include="..\Classes\GameScene.cpp">
      <Filter>src\Scenes</Filter>
    </ClCompile>
    <ClCompile Include="..\Classes\HomeLayer.cpp">
      <Filter>src\Layers\Home</Filter>
    </ClCompile>
    <ClCompile Include="..\Classes\DisplayLayer.cpp">
      <Filter>src\Layers\Home</Filter>
    </ClCompile>
    <ClCompile Include="..\Classes\DisplayListItem.cpp">
      <Filter>src\Objects</Filter>
    </ClCompile>
    <ClCompile Include="..\Classes\Tips.cpp">
      <Filter>src\Objects</Filter>
    </ClCompile>
    <ClCompile Include="..\Classes\Dialog.cpp">
      <Filter>src\Objects</Filter>
    </ClCompile>
    <ClCompile Include="..\Classes\LoginRewardLayer.cpp">
      <Filter>src\Layers\Home</Filter>
    </ClCompile>
    <ClCompile Include="..\Classes\LevelupRewardLayer.cpp">
      <Filter>src\Layers\Home</Filter>
    </ClCompile>
    <ClCompile Include="..\Classes\LevelupRewardItem.cpp">
      <Filter>src\Objects</Filter>
    </ClCompile>
    <ClCompile Include="..\Classes\AudioLayer.cpp">
      <Filter>src\Layers\Home</Filter>
    </ClCompile>
    <ClCompile Include="..\Classes\AboutLayer.cpp">
      <Filter>src\Layers\Home</Filter>
    </ClCompile>
    <ClCompile Include="..\Classes\TeamLayer.cpp">
      <Filter>src\Layers\Team</Filter>
    </ClCompile>
    <ClCompile Include="..\Classes\DetailsLayer.cpp">
      <Filter>src\Layers\Home</Filter>
    </ClCompile>
    <ClCompile Include="..\Classes\PageViewItem.cpp">
      <Filter>src\Layers\Hero</Filter>
    </ClCompile>
    <ClCompile Include="..\Classes\HeroLayer.cpp">
      <Filter>src\Layers\Hero</Filter>
    </ClCompile>
    <ClCompile Include="..\Classes\DisplayEquipmentByType.cpp">
      <Filter>src\Layers\Hero</Filter>
    </ClCompile>
  </ItemGroup>
  <ItemGroup>
    <ClInclude Include="main.h">
      <Filter>win32</Filter>
    </ClInclude>
    <ClInclude Include="..\Classes\AppDelegate.h">
      <Filter>src</Filter>
    </ClInclude>
    <ClInclude Include="..\Classes\HelloWorldScene.h">
      <Filter>src</Filter>
    </ClInclude>
    <ClInclude Include="..\Classes\FirstScene.h">
      <Filter>src\Scenes</Filter>
    </ClInclude>
    <ClInclude Include="..\Classes\Equipment.h">
      <Filter>src\Objects</Filter>
    </ClInclude>
    <ClInclude Include="..\Classes\Tools.h">
      <Filter>src\Tools</Filter>
    </ClInclude>
    <ClInclude Include="..\Classes\Config.h">
      <Filter>src\Datas</Filter>
    </ClInclude>
    <ClInclude Include="..\Classes\GameData.h">
      <Filter>src\Datas</Filter>
    </ClInclude>
    <ClInclude Include="..\Classes\TypeStruct.h">
      <Filter>src\Datas</Filter>
    </ClInclude>
    <ClInclude Include="..\Classes\HeroCard.h">
      <Filter>src\Objects</Filter>
    </ClInclude>
    <ClInclude Include="..\Classes\McLog.h">
      <Filter>src\Tools</Filter>
    </ClInclude>
    <ClInclude Include="..\Classes\DialogManager.h">
      <Filter>src\Tools</Filter>
    </ClInclude>
    <ClInclude Include="..\Classes\I18N.h">
      <Filter>src\I18N</Filter>
    </ClInclude>
    <ClInclude Include="..\Classes\BlockLayer.h">
      <Filter>src\Layers</Filter>
    </ClInclude>
    <ClInclude Include="..\Classes\AudioManager.h">
      <Filter>src\Audios</Filter>
    </ClInclude>
    <ClInclude Include="..\Classes\ParticleLayer.h">
      <Filter>src\Particles</Filter>
    </ClInclude>
    <ClInclude Include="..\Classes\GameScene.h">
      <Filter>src\Scenes</Filter>
    </ClInclude>
    <ClInclude Include="..\Classes\HomeLayer.h">
      <Filter>src\Layers\Home</Filter>
    </ClInclude>
    <ClInclude Include="..\Classes\ConstantDefine.h">
      <Filter>src\Datas</Filter>
    </ClInclude>
    <ClInclude Include="..\Classes\DisplayLayer.h">
      <Filter>src\Layers\Home</Filter>
    </ClInclude>
    <ClInclude Include="..\Classes\DisplayListItem.h">
      <Filter>src\Objects</Filter>
    </ClInclude>
    <ClInclude Include="..\Classes\Tips.h">
      <Filter>src\Objects</Filter>
    </ClInclude>
    <ClInclude Include="..\Classes\Dialog.h">
      <Filter>src\Objects</Filter>
    </ClInclude>
    <ClInclude Include="..\Classes\LoginRewardLayer.h">
      <Filter>src\Layers\Home</Filter>
    </ClInclude>
    <ClInclude Include="..\Classes\LevelupRewardLayer.h">
      <Filter>src\Layers\Home</Filter>
    </ClInclude>
    <ClInclude Include="..\Classes\LevelupRewardItem.h">
      <Filter>src\Objects</Filter>
    </ClInclude>
    <ClInclude Include="..\Classes\AudioLayer.h">
      <Filter>src\Layers\Home</Filter>
    </ClInclude>
    <ClInclude Include="..\Classes\AboutLayer.h">
      <Filter>src\Layers\Home</Filter>
    </ClInclude>
    <ClInclude Include="..\Classes\TeamLayer.h">
      <Filter>src\Layers\Team</Filter>
    </ClInclude>
    <ClInclude Include="..\Classes\DetailsLayer.h">
      <Filter>src\Layers\Home</Filter>
    </ClInclude>
    <ClInclude Include="..\Classes\PageViewItem.h">
      <Filter>src\Layers\Hero</Filter>
    </ClInclude>
    <ClInclude Include="..\Classes\HeroLayer.h">
      <Filter>src\Layers\Hero</Filter>
    </ClInclude>
    <ClInclude Include="..\Classes\DisplayEquipmentByType.h">
      <Filter>src\Layers\Hero</Filter>
    </ClInclude>
  </ItemGroup>
  <ItemGroup>
    <ResourceCompile Include="game.rc">
      <Filter>resource</Filter>
    </ResourceCompile>
  </ItemGroup>
</Project>